{
  "originHash" : "1e60c78c44d872d636e61c010d6e86afe4231990430abbf387b31dbd68b2e7b7",
  "pins" : [
    {
      "identity" : "lifevitspm",
      "kind" : "remoteSourceControl",
      "location" : "https://github.com/MarcCodit/LifevitSPM",
      "state" : {
        "branch" : "main",
        "revision" : "9f665fbfeb8d6c5a87427e405dd69e646e0e0b07"
      }
    }
  ],
  "version" : 3
}
